
Microsoft Visual Studio Solution File, Format Version 12.00
# Visual Studio Version 16
VisualStudioVersion = 16.0.34601.136
MinimumVisualStudioVersion = 10.0.40219.1
Project("{FAE04EC0-301F-11D3-BF4B-00C04F79EFBC}") = "OSK2", "OSK2.csproj", "{7309D8F4-DC9D-4256-95EB-73D9FC7BAA0E}"
EndProject
Global
	GlobalSection(SolutionConfigurationPlatforms) = preSolution
		Debug|Any CPU = Debug|Any CPU
		Release|Any CPU = Release|Any CPU
	EndGlobalSection
	GlobalSection(ProjectConfigurationPlatforms) = postSolution
		{7309D8F4-DC9D-4256-95EB-73D9FC7BAA0E}.Debug|Any CPU.ActiveCfg = Debug|Any CPU
		{7309D8F4-DC9D-4256-95EB-73D9FC7BAA0E}.Debug|Any CPU.Build.0 = Debug|Any CPU
		{7309D8F4-DC9D-4256-95EB-73D9FC7BAA0E}.Release|Any CPU.ActiveCfg = Release|Any CPU
		{7309D8F4-DC9D-4256-95EB-73D9FC7BAA0E}.Release|Any CPU.Build.0 = Release|Any CPU
	EndGlobalSection
	GlobalSection(SolutionProperties) = preSolution
		HideSolutionNode = FALSE
	EndGlobalSection
	GlobalSection(ExtensibilityGlobals) = postSolution
		SolutionGuid = {1FAA374B-AB92-4C79-A7E8-1A6BEC80A7C8}
	EndGlobalSection
EndGlobal
